
Microsoft Visual Studio Solution File, Format Version 12.00
# Visual Studio 14
VisualStudioVersion = 14.0.25420.1
MinimumVisualStudioVersion = 10.0.40219.1
Project("{F184B08F-C81C-45F6-A57F-5ABD9991F28F}") = "Chapter4", "Chapter4\Chapter4.vbproj", "{331F6E13-1179-4ED5-81AA-7009D60BDC6D}"
EndProject
Global
	GlobalSection(SolutionConfigurationPlatforms) = preSolution
		Debug|Any CPU = Debug|Any CPU
		Release|Any CPU = Release|Any CPU
	EndGlobalSection
	GlobalSection(ProjectConfigurationPlatforms) = postSolution
		{331F6E13-1179-4ED5-81AA-7009D60BDC6D}.Debug|Any CPU.ActiveCfg = Debug|Any CPU
		{331F6E13-1179-4ED5-81AA-7009D60BDC6D}.Debug|Any CPU.Build.0 = Debug|Any CPU
		{331F6E13-1179-4ED5-81AA-7009D60BDC6D}.Release|Any CPU.ActiveCfg = Release|Any CPU
		{331F6E13-1179-4ED5-81AA-7009D60BDC6D}.Release|Any CPU.Build.0 = Release|Any CPU
	EndGlobalSection
	GlobalSection(SolutionProperties) = preSolution
		HideSolutionNode = FALSE
	EndGlobalSection
EndGlobal
